
Microsoft Visual Studio Solution File, Format Version 12.00
# Visual Studio 15
VisualStudioVersion = 15.0.28010.2048
MinimumVisualStudioVersion = 10.0.40219.1
Project("{FAE04EC0-301F-11D3-BF4B-00C04F79EFBC}") = "chanDL", "chanDL\chanDL.csproj", "{E617950C-4A21-4189-81C1-B006BC92BA7A}"
EndProject
Global
	GlobalSection(SolutionConfigurationPlatforms) = preSolution
		Debug|Any CPU = Debug|Any CPU
		Release|Any CPU = Release|Any CPU
	EndGlobalSection
	GlobalSection(ProjectConfigurationPlatforms) = postSolution
		{E617950C-4A21-4189-81C1-B006BC92BA7A}.Debug|Any CPU.ActiveCfg = Debug|Any CPU
		{E617950C-4A21-4189-81C1-B006BC92BA7A}.Debug|Any CPU.Build.0 = Debug|Any CPU
		{E617950C-4A21-4189-81C1-B006BC92BA7A}.Release|Any CPU.ActiveCfg = Release|Any CPU
		{E617950C-4A21-4189-81C1-B006BC92BA7A}.Release|Any CPU.Build.0 = Release|Any CPU
	EndGlobalSection
	GlobalSection(SolutionProperties) = preSolution
		HideSolutionNode = FALSE
	EndGlobalSection
	GlobalSection(ExtensibilityGlobals) = postSolution
		SolutionGuid = {3BA09D52-AE5E-4DDC-9AC7-DEEC3E2B07D4}
	EndGlobalSection
EndGlobal
