
Microsoft Visual Studio Solution File, Format Version 12.00
# Visual Studio Version 16
VisualStudioVersion = 16.0.30611.23
MinimumVisualStudioVersion = 10.0.40219.1
Project("{FAE04EC0-301F-11D3-BF4B-00C04F79EFBC}") = "chanDL", "chanDL\chanDL.csproj", "{33658B61-E451-42AB-8A3D-2F24A51C7163}"
EndProject
Global
	GlobalSection(SolutionConfigurationPlatforms) = preSolution
		Debug|Any CPU = Debug|Any CPU
		Release|Any CPU = Release|Any CPU
	EndGlobalSection
	GlobalSection(ProjectConfigurationPlatforms) = postSolution
		{33658B61-E451-42AB-8A3D-2F24A51C7163}.Debug|Any CPU.ActiveCfg = Debug|Any CPU
		{33658B61-E451-42AB-8A3D-2F24A51C7163}.Debug|Any CPU.Build.0 = Debug|Any CPU
		{33658B61-E451-42AB-8A3D-2F24A51C7163}.Release|Any CPU.ActiveCfg = Release|Any CPU
		{33658B61-E451-42AB-8A3D-2F24A51C7163}.Release|Any CPU.Build.0 = Release|Any CPU
	EndGlobalSection
	GlobalSection(SolutionProperties) = preSolution
		HideSolutionNode = FALSE
	EndGlobalSection
	GlobalSection(ExtensibilityGlobals) = postSolution
		SolutionGuid = {84339F4D-3A9B-4FE3-971A-360A6080A04E}
	EndGlobalSection
EndGlobal
